
Microsoft Visual Studio Solution File, Format Version 12.00
# Visual Studio Version 17
VisualStudioVersion = 17.7.34031.279
MinimumVisualStudioVersion = 10.0.40219.1
Project("{FAE04EC0-301F-11D3-BF4B-00C04F79EFBC}") = "tpmodul8_1302223027", "tpmodul8_1302223027.csproj", "{AB7FD1A6-914C-4F60-9219-5EA043B6E387}"
EndProject
Global
	GlobalSection(SolutionConfigurationPlatforms) = preSolution
		Debug|Any CPU = Debug|Any CPU
		Release|Any CPU = Release|Any CPU
	EndGlobalSection
	GlobalSection(ProjectConfigurationPlatforms) = postSolution
		{AB7FD1A6-914C-4F60-9219-5EA043B6E387}.Debug|Any CPU.ActiveCfg = Debug|Any CPU
		{AB7FD1A6-914C-4F60-9219-5EA043B6E387}.Debug|Any CPU.Build.0 = Debug|Any CPU
		{AB7FD1A6-914C-4F60-9219-5EA043B6E387}.Release|Any CPU.ActiveCfg = Release|Any CPU
		{AB7FD1A6-914C-4F60-9219-5EA043B6E387}.Release|Any CPU.Build.0 = Release|Any CPU
	EndGlobalSection
	GlobalSection(SolutionProperties) = preSolution
		HideSolutionNode = FALSE
	EndGlobalSection
	GlobalSection(ExtensibilityGlobals) = postSolution
		SolutionGuid = {6E213F5E-93BB-43F1-874A-1064B80C8FB6}
	EndGlobalSection
EndGlobal
